
Microsoft Visual Studio Solution File, Format Version 12.00
# Visual Studio Version 17
VisualStudioVersion = 17.8.34525.116
MinimumVisualStudioVersion = 10.0.40219.1
Project("{FAE04EC0-301F-11D3-BF4B-00C04F79EFBC}") = "PROJE_UI", "PROJE_UI\PROJE_UI.csproj", "{AB4061F0-33ED-404F-B97A-28A7CB3A8E7B}"
EndProject
Global
	GlobalSection(SolutionConfigurationPlatforms) = preSolution
		Debug|Any CPU = Debug|Any CPU
		Release|Any CPU = Release|Any CPU
	EndGlobalSection
	GlobalSection(ProjectConfigurationPlatforms) = postSolution
		{AB4061F0-33ED-404F-B97A-28A7CB3A8E7B}.Debug|Any CPU.ActiveCfg = Debug|Any CPU
		{AB4061F0-33ED-404F-B97A-28A7CB3A8E7B}.Debug|Any CPU.Build.0 = Debug|Any CPU
		{AB4061F0-33ED-404F-B97A-28A7CB3A8E7B}.Release|Any CPU.ActiveCfg = Release|Any CPU
		{AB4061F0-33ED-404F-B97A-28A7CB3A8E7B}.Release|Any CPU.Build.0 = Release|Any CPU
	EndGlobalSection
	GlobalSection(SolutionProperties) = preSolution
		HideSolutionNode = FALSE
	EndGlobalSection
	GlobalSection(ExtensibilityGlobals) = postSolution
		SolutionGuid = {9AE6880C-C546-425F-9839-2C77EEEB9F9E}
	EndGlobalSection
EndGlobal
